// !$*UTF8*$!
{
	archiveVersion = 1;
	classes = {
	};
	objectVersion = 50;
	objects = {

/* Begin PBXBuildFile section */
		1610BD6ED73E6632FCFEE87D /* Pods_ContactsAppUITests.framework in Frameworks */ = {isa = PBXBuildFile; fileRef = 65DAA23231B823E19F7632B8 /* Pods_ContactsAppUITests.framework */; };
		69333CD5229C839E00AC334A /* Alamofire.framework in Frameworks */ = {isa = PBXBuildFile; fileRef = 69333CD4229C839E00AC334A /* Alamofire.framework */; };
		69333CD7229C839E00AC334A /* IQKeyboardManagerSwift.framework in Frameworks */ = {isa = PBXBuildFile; fileRef = 69333CD6229C839E00AC334A /* IQKeyboardManagerSwift.framework */; };
		69333CD9229C86F000AC334A /* ContactsList.swift in Sources */ = {isa = PBXBuildFile; fileRef = 69333CD8229C86F000AC334A /* ContactsList.swift */; };
		69333CDB229C871E00AC334A /* ContactDetail.swift in Sources */ = {isa = PBXBuildFile; fileRef = 69333CDA229C871E00AC334A /* ContactDetail.swift */; };
		69333CDD229C874800AC334A /* ContactUpdates.swift in Sources */ = {isa = PBXBuildFile; fileRef = 69333CDC229C874800AC334A /* ContactUpdates.swift */; };
		69333CDF229C8C3E00AC334A /* indexCell.swift in Sources */ = {isa = PBXBuildFile; fileRef = 69333CDE229C8C3E00AC334A /* indexCell.swift */; };
		69333CE1229C8DBA00AC334A /* contactCell.swift in Sources */ = {isa = PBXBuildFile; fileRef = 69333CE0229C8DBA00AC334A /* contactCell.swift */; };
		69333CE3229C967100AC334A /* ContactsModel.swift in Sources */ = {isa = PBXBuildFile; fileRef = 69333CE2229C967100AC334A /* ContactsModel.swift */; };
		69333CE5229C9E3300AC334A /* SDWebImage.framework in Frameworks */ = {isa = PBXBuildFile; fileRef = 69333CE4229C9E3300AC334A /* SDWebImage.framework */; };
		695498D3229FA30B00158B7F /* CreateContactModel.swift in Sources */ = {isa = PBXBuildFile; fileRef = 695498D2229FA30B00158B7F /* CreateContactModel.swift */; };
		695498D5229FA39900158B7F /* UpdateContactModel.swift in Sources */ = {isa = PBXBuildFile; fileRef = 695498D4229FA39900158B7F /* UpdateContactModel.swift */; };
		69804C51229CBE9D00242BB5 /* ContactDetailModel.swift in Sources */ = {isa = PBXBuildFile; fileRef = 69804C50229CBE9D00242BB5 /* ContactDetailModel.swift */; };
		698DB6D3229C81A6001583BB /* AppDelegate.swift in Sources */ = {isa = PBXBuildFile; fileRef = 698DB6D2229C81A6001583BB /* AppDelegate.swift */; };
		698DB6D8229C81A6001583BB /* Main.storyboard in Resources */ = {isa = PBXBuildFile; fileRef = 698DB6D6229C81A6001583BB /* Main.storyboard */; };
		698DB6DB229C81A6001583BB /* ContactsApp.xcdatamodeld in Sources */ = {isa = PBXBuildFile; fileRef = 698DB6D9229C81A6001583BB /* ContactsApp.xcdatamodeld */; };
		698DB6DD229C81A7001583BB /* Assets.xcassets in Resources */ = {isa = PBXBuildFile; fileRef = 698DB6DC229C81A7001583BB /* Assets.xcassets */; };
		698DB6E0229C81A7001583BB /* LaunchScreen.storyboard in Resources */ = {isa = PBXBuildFile; fileRef = 698DB6DE229C81A7001583BB /* LaunchScreen.storyboard */; };
		698DB6EB229C81A7001583BB /* ContactsAppTests.swift in Sources */ = {isa = PBXBuildFile; fileRef = 698DB6EA229C81A7001583BB /* ContactsAppTests.swift */; };
		698DB6F6229C81A7001583BB /* ContactsAppUITests.swift in Sources */ = {isa = PBXBuildFile; fileRef = 698DB6F5229C81A7001583BB /* ContactsAppUITests.swift */; };
		698DB706229C8297001583BB /* Globals.swift in Sources */ = {isa = PBXBuildFile; fileRef = 698DB705229C8297001583BB /* Globals.swift */; };
		7211A4257866AD72B588D642 /* Pods_ContactsAppTests.framework in Frameworks */ = {isa = PBXBuildFile; fileRef = D9A5DDEF2181BF8E75138749 /* Pods_ContactsAppTests.framework */; };
		871ED92AD4BFA6DD1638E116 /* Pods_ContactsApp.framework in Frameworks */ = {isa = PBXBuildFile; fileRef = 591EC45D41EC7E20DCBFAB12 /* Pods_ContactsApp.framework */; };
		9FAFA130229FBD5F008D9F1C /* SFUIText-Regular.ttf in Resources */ = {isa = PBXBuildFile; fileRef = 9FAFA12F229FBD5F008D9F1C /* SFUIText-Regular.ttf */; };
/* End PBXBuildFile section */

/* Begin PBXContainerItemProxy section */
		698DB6E7229C81A7001583BB /* PBXContainerItemProxy */ = {
			isa = PBXContainerItemProxy;
			containerPortal = 698DB6C7229C81A6001583BB /* Project object */;
			proxyType = 1;
			remoteGlobalIDString = 698DB6CE229C81A6001583BB;
			remoteInfo = ContactsApp;
		};
		698DB6F2229C81A7001583BB /* PBXContainerItemProxy */ = {
			isa = PBXContainerItemProxy;
			containerPortal = 698DB6C7229C81A6001583BB /* Project object */;
			proxyType = 1;
			remoteGlobalIDString = 698DB6CE229C81A6001583BB;
			remoteInfo = ContactsApp;
		};
/* End PBXContainerItemProxy section */

/* Begin PBXFileReference section */
		529B4D227E8AC726FE51BB67 /* Pods-ContactsApp.debug.xcconfig */ = {isa = PBXFileReference; includeInIndex = 1; lastKnownFileType = text.xcconfig; name = "Pods-ContactsApp.debug.xcconfig"; path = "Target Support Files/Pods-ContactsApp/Pods-ContactsApp.debug.xcconfig"; sourceTree = "<group>"; };
		55FBB6CD87AE68E34F4B1011 /* Pods-ContactsAppTests.debug.xcconfig */ = {isa = PBXFileReference; includeInIndex = 1; lastKnownFileType = text.xcconfig; name = "Pods-ContactsAppTests.debug.xcconfig"; path = "Target Support Files/Pods-ContactsAppTests/Pods-ContactsAppTests.debug.xcconfig"; sourceTree = "<group>"; };
		591EC45D41EC7E20DCBFAB12 /* Pods_ContactsApp.framework */ = {isa = PBXFileReference; explicitFileType = wrapper.framework; includeInIndex = 0; path = Pods_ContactsApp.framework; sourceTree = BUILT_PRODUCTS_DIR; };
		65DAA23231B823E19F7632B8 /* Pods_ContactsAppUITests.framework */ = {isa = PBXFileReference; explicitFileType = wrapper.framework; includeInIndex = 0; path = Pods_ContactsAppUITests.framework; sourceTree = BUILT_PRODUCTS_DIR; };
		685714CEEA45D853CB10AE8B /* Pods-ContactsAppUITests.release.xcconfig */ = {isa = PBXFileReference; includeInIndex = 1; lastKnownFileType = text.xcconfig; name = "Pods-ContactsAppUITests.release.xcconfig"; path = "Target Support Files/Pods-ContactsAppUITests/Pods-ContactsAppUITests.release.xcconfig"; sourceTree = "<group>"; };
		69333CD4229C839E00AC334A /* Alamofire.framework */ = {isa = PBXFileReference; explicitFileType = wrapper.framework; path = Alamofire.framework; sourceTree = BUILT_PRODUCTS_DIR; };
		69333CD6229C839E00AC334A /* IQKeyboardManagerSwift.framework */ = {isa = PBXFileReference; explicitFileType = wrapper.framework; path = IQKeyboardManagerSwift.framework; sourceTree = BUILT_PRODUCTS_DIR; };
		69333CD8229C86F000AC334A /* ContactsList.swift */ = {isa = PBXFileReference; lastKnownFileType = sourcecode.swift; path = ContactsList.swift; sourceTree = "<group>"; };
		69333CDA229C871E00AC334A /* ContactDetail.swift */ = {isa = PBXFileReference; lastKnownFileType = sourcecode.swift; path = ContactDetail.swift; sourceTree = "<group>"; };
		69333CDC229C874800AC334A /* ContactUpdates.swift */ = {isa = PBXFileReference; lastKnownFileType = sourcecode.swift; path = ContactUpdates.swift; sourceTree = "<group>"; };
		69333CDE229C8C3E00AC334A /* indexCell.swift */ = {isa = PBXFileReference; fileEncoding = 4; lastKnownFileType = sourcecode.swift; path = indexCell.swift; sourceTree = "<group>"; };
		69333CE0229C8DBA00AC334A /* contactCell.swift */ = {isa = PBXFileReference; lastKnownFileType = sourcecode.swift; path = contactCell.swift; sourceTree = "<group>"; };
		69333CE2229C967100AC334A /* ContactsModel.swift */ = {isa = PBXFileReference; lastKnownFileType = sourcecode.swift; path = ContactsModel.swift; sourceTree = "<group>"; };
		69333CE4229C9E3300AC334A /* SDWebImage.framework */ = {isa = PBXFileReference; explicitFileType = wrapper.framework; path = SDWebImage.framework; sourceTree = BUILT_PRODUCTS_DIR; };
		695498D2229FA30B00158B7F /* CreateContactModel.swift */ = {isa = PBXFileReference; lastKnownFileType = sourcecode.swift; path = CreateContactModel.swift; sourceTree = "<group>"; };
		695498D4229FA39900158B7F /* UpdateContactModel.swift */ = {isa = PBXFileReference; lastKnownFileType = sourcecode.swift; path = UpdateContactModel.swift; sourceTree = "<group>"; };
		69804C50229CBE9D00242BB5 /* ContactDetailModel.swift */ = {isa = PBXFileReference; lastKnownFileType = sourcecode.swift; path = ContactDetailModel.swift; sourceTree = "<group>"; };
		698DB6CF229C81A6001583BB /* ContactsApp.app */ = {isa = PBXFileReference; explicitFileType = wrapper.application; includeInIndex = 0; path = ContactsApp.app; sourceTree = BUILT_PRODUCTS_DIR; };
		698DB6D2229C81A6001583BB /* AppDelegate.swift */ = {isa = PBXFileReference; lastKnownFileType = sourcecode.swift; path = AppDelegate.swift; sourceTree = "<group>"; };
		698DB6D7229C81A6001583BB /* Base */ = {isa = PBXFileReference; lastKnownFileType = file.storyboard; name = Base; path = Base.lproj/Main.storyboard; sourceTree = "<group>"; };
		698DB6DA229C81A6001583BB /* ContactsApp.xcdatamodel */ = {isa = PBXFileReference; lastKnownFileType = wrapper.xcdatamodel; path = ContactsApp.xcdatamodel; sourceTree = "<group>"; };
		698DB6DC229C81A7001583BB /* Assets.xcassets */ = {isa = PBXFileReference; lastKnownFileType = folder.assetcatalog; path = Assets.xcassets; sourceTree = "<group>"; };
		698DB6DF229C81A7001583BB /* Base */ = {isa = PBXFileReference; lastKnownFileType = file.storyboard; name = Base; path = Base.lproj/LaunchScreen.storyboard; sourceTree = "<group>"; };
		698DB6E1229C81A7001583BB /* Info.plist */ = {isa = PBXFileReference; lastKnownFileType = text.plist.xml; path = Info.plist; sourceTree = "<group>"; };
		698DB6E6229C81A7001583BB /* ContactsAppTests.xctest */ = {isa = PBXFileReference; explicitFileType = wrapper.cfbundle; includeInIndex = 0; path = ContactsAppTests.xctest; sourceTree = BUILT_PRODUCTS_DIR; };
		698DB6EA229C81A7001583BB /* ContactsAppTests.swift */ = {isa = PBXFileReference; lastKnownFileType = sourcecode.swift; path = ContactsAppTests.swift; sourceTree = "<group>"; };
		698DB6EC229C81A7001583BB /* Info.plist */ = {isa = PBXFileReference; lastKnownFileType = text.plist.xml; path = Info.plist; sourceTree = "<group>"; };
		698DB6F1229C81A7001583BB /* ContactsAppUITests.xctest */ = {isa = PBXFileReference; explicitFileType = wrapper.cfbundle; includeInIndex = 0; path = ContactsAppUITests.xctest; sourceTree = BUILT_PRODUCTS_DIR; };
		698DB6F5229C81A7001583BB /* ContactsAppUITests.swift */ = {isa = PBXFileReference; lastKnownFileType = sourcecode.swift; path = ContactsAppUITests.swift; sourceTree = "<group>"; };
		698DB6F7229C81A7001583BB /* Info.plist */ = {isa = PBXFileReference; lastKnownFileType = text.plist.xml; path = Info.plist; sourceTree = "<group>"; };
		698DB705229C8297001583BB /* Globals.swift */ = {isa = PBXFileReference; lastKnownFileType = sourcecode.swift; path = Globals.swift; sourceTree = "<group>"; };
		9FAFA12F229FBD5F008D9F1C /* SFUIText-Regular.ttf */ = {isa = PBXFileReference; lastKnownFileType = file; path = "SFUIText-Regular.ttf"; sourceTree = "<group>"; };
		A76E2899C3E4284E1C631F76 /* Pods-ContactsAppTests.release.xcconfig */ = {isa = PBXFileReference; includeInIndex = 1; lastKnownFileType = text.xcconfig; name = "Pods-ContactsAppTests.release.xcconfig"; path = "Target Support Files/Pods-ContactsAppTests/Pods-ContactsAppTests.release.xcconfig"; sourceTree = "<group>"; };
		BE15979EA2AD8C7A03FEF119 /* Pods-ContactsApp.release.xcconfig */ = {isa = PBXFileReference; includeInIndex = 1; lastKnownFileType = text.xcconfig; name = "Pods-ContactsApp.release.xcconfig"; path = "Target Support Files/Pods-ContactsApp/Pods-ContactsApp.release.xcconfig"; sourceTree = "<group>"; };
		D2985C3969CBDF7ED735783C /* Pods-ContactsAppUITests.debug.xcconfig */ = {isa = PBXFileReference; includeInIndex = 1; lastKnownFileType = text.xcconfig; name = "Pods-ContactsAppUITests.debug.xcconfig"; path = "Target Support Files/Pods-ContactsAppUITests/Pods-ContactsAppUITests.debug.xcconfig"; sourceTree = "<group>"; };
		D9A5DDEF2181BF8E75138749 /* Pods_ContactsAppTests.framework */ = {isa = PBXFileReference; explicitFileType = wrapper.framework; includeInIndex = 0; path = Pods_ContactsAppTests.framework; sourceTree = BUILT_PRODUCTS_DIR; };
/* End PBXFileReference section */

/* Begin PBXFrameworksBuildPhase section */
		698DB6CC229C81A6001583BB /* Frameworks */ = {
			isa = PBXFrameworksBuildPhase;
			buildActionMask = 2147483647;
			files = (
				69333CE5229C9E3300AC334A /* SDWebImage.framework in Frameworks */,
				69333CD5229C839E00AC334A /* Alamofire.framework in Frameworks */,
				69333CD7229C839E00AC334A /* IQKeyboardManagerSwift.framework in Frameworks */,
				871ED92AD4BFA6DD1638E116 /* Pods_ContactsApp.framework in Frameworks */,
			);
			runOnlyForDeploymentPostprocessing = 0;
		};
		698DB6E3229C81A7001583BB /* Frameworks */ = {
			isa = PBXFrameworksBuildPhase;
			buildActionMask = 2147483647;
			files = (
				7211A4257866AD72B588D642 /* Pods_ContactsAppTests.framework in Frameworks */,
			);
			runOnlyForDeploymentPostprocessing = 0;
		};
		698DB6EE229C81A7001583BB /* Frameworks */ = {
			isa = PBXFrameworksBuildPhase;
			buildActionMask = 2147483647;
			files = (
				1610BD6ED73E6632FCFEE87D /* Pods_ContactsAppUITests.framework in Frameworks */,
			);
			runOnlyForDeploymentPostprocessing = 0;
		};
/* End PBXFrameworksBuildPhase section */

/* Begin PBXGroup section */
		285D91F7A74D54430B9F87A2 /* Pods */ = {
			isa = PBXGroup;
			children = (
				529B4D227E8AC726FE51BB67 /* Pods-ContactsApp.debug.xcconfig */,
				BE15979EA2AD8C7A03FEF119 /* Pods-ContactsApp.release.xcconfig */,
				55FBB6CD87AE68E34F4B1011 /* Pods-ContactsAppTests.debug.xcconfig */,
				A76E2899C3E4284E1C631F76 /* Pods-ContactsAppTests.release.xcconfig */,
				D2985C3969CBDF7ED735783C /* Pods-ContactsAppUITests.debug.xcconfig */,
				685714CEEA45D853CB10AE8B /* Pods-ContactsAppUITests.release.xcconfig */,
			);
			path = Pods;
			sourceTree = "<group>";
		};
		698DB6C6229C81A6001583BB = {
			isa = PBXGroup;
			children = (
				698DB6D1229C81A6001583BB /* ContactsApp */,
				698DB6E9229C81A7001583BB /* ContactsAppTests */,
				698DB6F4229C81A7001583BB /* ContactsAppUITests */,
				698DB6D0229C81A6001583BB /* Products */,
				285D91F7A74D54430B9F87A2 /* Pods */,
				D3A1D209D26A463D8D99241D /* Frameworks */,
			);
			sourceTree = "<group>";
		};
		698DB6D0229C81A6001583BB /* Products */ = {
			isa = PBXGroup;
			children = (
				698DB6CF229C81A6001583BB /* ContactsApp.app */,
				698DB6E6229C81A7001583BB /* ContactsAppTests.xctest */,
				698DB6F1229C81A7001583BB /* ContactsAppUITests.xctest */,
			);
			name = Products;
			sourceTree = "<group>";
		};
		698DB6D1229C81A6001583BB /* ContactsApp */ = {
			isa = PBXGroup;
			children = (
				9FAFA12F229FBD5F008D9F1C /* SFUIText-Regular.ttf */,
				698DB707229C829E001583BB /* Modals */,
				698DB703229C827F001583BB /* Views */,
				698DB704229C8289001583BB /* Controllers */,
				698DB708229C82B4001583BB /* Support Files */,
			);
			path = ContactsApp;
			sourceTree = "<group>";
		};
		698DB6E9229C81A7001583BB /* ContactsAppTests */ = {
			isa = PBXGroup;
			children = (
				698DB6EA229C81A7001583BB /* ContactsAppTests.swift */,
				698DB6EC229C81A7001583BB /* Info.plist */,
			);
			path = ContactsAppTests;
			sourceTree = "<group>";
		};
		698DB6F4229C81A7001583BB /* ContactsAppUITests */ = {
			isa = PBXGroup;
			children = (
				698DB6F5229C81A7001583BB /* ContactsAppUITests.swift */,
				698DB6F7229C81A7001583BB /* Info.plist */,
			);
			path = ContactsAppUITests;
			sourceTree = "<group>";
		};
		698DB703229C827F001583BB /* Views */ = {
			isa = PBXGroup;
			children = (
				698DB6D6229C81A6001583BB /* Main.storyboard */,
				698DB6DE229C81A7001583BB /* LaunchScreen.storyboard */,
			);
			path = Views;
			sourceTree = "<group>";
		};
		698DB704229C8289001583BB /* Controllers */ = {
			isa = PBXGroup;
			children = (
				698DB6D2229C81A6001583BB /* AppDelegate.swift */,
				69333CD8229C86F000AC334A /* ContactsList.swift */,
				69333CDA229C871E00AC334A /* ContactDetail.swift */,
				69333CDC229C874800AC334A /* ContactUpdates.swift */,
				69333CDE229C8C3E00AC334A /* indexCell.swift */,
				69333CE0229C8DBA00AC334A /* contactCell.swift */,
			);
			path = Controllers;
			sourceTree = "<group>";
		};
		698DB707229C829E001583BB /* Modals */ = {
			isa = PBXGroup;
			children = (
				698DB705229C8297001583BB /* Globals.swift */,
				69333CE2229C967100AC334A /* ContactsModel.swift */,
				69804C50229CBE9D00242BB5 /* ContactDetailModel.swift */,
				695498D2229FA30B00158B7F /* CreateContactModel.swift */,
				695498D4229FA39900158B7F /* UpdateContactModel.swift */,
			);
			path = Modals;
			sourceTree = "<group>";
		};
		698DB708229C82B4001583BB /* Support Files */ = {
			isa = PBXGroup;
			children = (
				698DB6DC229C81A7001583BB /* Assets.xcassets */,
				698DB6E1229C81A7001583BB /* Info.plist */,
				698DB6D9229C81A6001583BB /* ContactsApp.xcdatamodeld */,
			);
			path = "Support Files";
			sourceTree = "<group>";
		};
		D3A1D209D26A463D8D99241D /* Frameworks */ = {
			isa = PBXGroup;
			children = (
				69333CE4229C9E3300AC334A /* SDWebImage.framework */,
				69333CD4229C839E00AC334A /* Alamofire.framework */,
				69333CD6229C839E00AC334A /* IQKeyboardManagerSwift.framework */,
				591EC45D41EC7E20DCBFAB12 /* Pods_ContactsApp.framework */,
				D9A5DDEF2181BF8E75138749 /* Pods_ContactsAppTests.framework */,
				65DAA23231B823E19F7632B8 /* Pods_ContactsAppUITests.framework */,
			);
			name = Frameworks;
			sourceTree = "<group>";
		};
/* End PBXGroup section */

/* Begin PBXNativeTarget section */
		698DB6CE229C81A6001583BB /* ContactsApp */ = {
			isa = PBXNativeTarget;
			buildConfigurationList = 698DB6FA229C81A7001583BB /* Build configuration list for PBXNativeTarget "ContactsApp" */;
			buildPhases = (
				1B5BCF6F11F7C44AC0DF924A /* [CP] Check Pods Manifest.lock */,
				698DB6CB229C81A6001583BB /* Sources */,
				698DB6CC229C81A6001583BB /* Frameworks */,
				698DB6CD229C81A6001583BB /* Resources */,
				E589616E7AE71284C51680EF /* [CP] Embed Pods Frameworks */,
			);
			buildRules = (
			);
			dependencies = (
			);
			name = ContactsApp;
			productName = ContactsApp;
			productReference = 698DB6CF229C81A6001583BB /* ContactsApp.app */;
			productType = "com.apple.product-type.application";
		};
		698DB6E5229C81A7001583BB /* ContactsAppTests */ = {
			isa = PBXNativeTarget;
			buildConfigurationList = 698DB6FD229C81A7001583BB /* Build configuration list for PBXNativeTarget "ContactsAppTests" */;
			buildPhases = (
				19F5E9098C4921238A326B18 /* [CP] Check Pods Manifest.lock */,
				698DB6E2229C81A7001583BB /* Sources */,
				698DB6E3229C81A7001583BB /* Frameworks */,
				698DB6E4229C81A7001583BB /* Resources */,
				6B6C6D2D293E4E8F81D8C6C4 /* [CP] Embed Pods Frameworks */,
			);
			buildRules = (
			);
			dependencies = (
				698DB6E8229C81A7001583BB /* PBXTargetDependency */,
			);
			name = ContactsAppTests;
			productName = ContactsAppTests;
			productReference = 698DB6E6229C81A7001583BB /* ContactsAppTests.xctest */;
			productType = "com.apple.product-type.bundle.unit-test";
		};
		698DB6F0229C81A7001583BB /* ContactsAppUITests */ = {
			isa = PBXNativeTarget;
			buildConfigurationList = 698DB700229C81A7001583BB /* Build configuration list for PBXNativeTarget "ContactsAppUITests" */;
			buildPhases = (
				83FE9530DF8BCA0915E40684 /* [CP] Check Pods Manifest.lock */,
				698DB6ED229C81A7001583BB /* Sources */,
				698DB6EE229C81A7001583BB /* Frameworks */,
				698DB6EF229C81A7001583BB /* Resources */,
				CC731DBE90112C5B573C1E57 /* [CP] Embed Pods Frameworks */,
			);
			buildRules = (
			);
			dependencies = (
				698DB6F3229C81A7001583BB /* PBXTargetDependency */,
			);
			name = ContactsAppUITests;
			productName = ContactsAppUITests;
			productReference = 698DB6F1229C81A7001583BB /* ContactsAppUITests.xctest */;
			productType = "com.apple.product-type.bundle.ui-testing";
		};
/* End PBXNativeTarget section */

/* Begin PBXProject section */
		698DB6C7229C81A6001583BB /* Project object */ = {
			isa = PBXProject;
			attributes = {
				LastSwiftUpdateCheck = 1020;
				LastUpgradeCheck = 1020;
				ORGANIZATIONNAME = Kalsi;
				TargetAttributes = {
					698DB6CE229C81A6001583BB = {
						CreatedOnToolsVersion = 10.2.1;
					};
					698DB6E5229C81A7001583BB = {
						CreatedOnToolsVersion = 10.2.1;
						TestTargetID = 698DB6CE229C81A6001583BB;
					};
					698DB6F0229C81A7001583BB = {
						CreatedOnToolsVersion = 10.2.1;
						TestTargetID = 698DB6CE229C81A6001583BB;
					};
				};
			};
			buildConfigurationList = 698DB6CA229C81A6001583BB /* Build configuration list for PBXProject "ContactsApp" */;
			compatibilityVersion = "Xcode 9.3";
			developmentRegion = en;
			hasScannedForEncodings = 0;
			knownRegions = (
				en,
				Base,
			);
			mainGroup = 698DB6C6229C81A6001583BB;
			productRefGroup = 698DB6D0229C81A6001583BB /* Products */;
			projectDirPath = "";
			projectRoot = "";
			targets = (
				698DB6CE229C81A6001583BB /* ContactsApp */,
				698DB6E5229C81A7001583BB /* ContactsAppTests */,
				698DB6F0229C81A7001583BB /* ContactsAppUITests */,
			);
		};
/* End PBXProject section */

/* Begin PBXResourcesBuildPhase section */
		698DB6CD229C81A6001583BB /* Resources */ = {
			isa = PBXResourcesBuildPhase;
			buildActionMask = 2147483647;
			files = (
				698DB6E0229C81A7001583BB /* LaunchScreen.storyboard in Resources */,
				698DB6DD229C81A7001583BB /* Assets.xcassets in Resources */,
				698DB6D8229C81A6001583BB /* Main.storyboard in Resources */,
				9FAFA130229FBD5F008D9F1C /* SFUIText-Regular.ttf in Resources */,
			);
			runOnlyForDeploymentPostprocessing = 0;
		};
		698DB6E4229C81A7001583BB /* Resources */ = {
			isa = PBXResourcesBuildPhase;
			buildActionMask = 2147483647;
			files = (
			);
			runOnlyForDeploymentPostprocessing = 0;
		};
		698DB6EF229C81A7001583BB /* Resources */ = {
			isa = PBXResourcesBuildPhase;
			buildActionMask = 2147483647;
			files = (
			);
			runOnlyForDeploymentPostprocessing = 0;
		};
/* End PBXResourcesBuildPhase section */

/* Begin PBXShellScriptBuildPhase section */
		19F5E9098C4921238A326B18 /* [CP] Check Pods Manifest.lock */ = {
			isa = PBXShellScriptBuildPhase;
			buildActionMask = 2147483647;
			files = (
			);
			inputFileListPaths = (
			);
			inputPaths = (
				"${PODS_PODFILE_DIR_PATH}/Podfile.lock",
				"${PODS_ROOT}/Manifest.lock",
			);
			name = "[CP] Check Pods Manifest.lock";
			outputFileListPaths = (
			);
			outputPaths = (
				"$(DERIVED_FILE_DIR)/Pods-ContactsAppTests-checkManifestLockResult.txt",
			);
			runOnlyForDeploymentPostprocessing = 0;
			shellPath = /bin/sh;
			shellScript = "diff \"${PODS_PODFILE_DIR_PATH}/Podfile.lock\" \"${PODS_ROOT}/Manifest.lock\" > /dev/null\nif [ $? != 0 ] ; then\n    # print error to STDERR\n    echo \"error: The sandbox is not in sync with the Podfile.lock. Run 'pod install' or update your CocoaPods installation.\" >&2\n    exit 1\nfi\n# This output is used by Xcode 'outputs' to avoid re-running this script phase.\necho \"SUCCESS\" > \"${SCRIPT_OUTPUT_FILE_0}\"\n";
			showEnvVarsInLog = 0;
		};
		1B5BCF6F11F7C44AC0DF924A /* [CP] Check Pods Manifest.lock */ = {
			isa = PBXShellScriptBuildPhase;
			buildActionMask = 2147483647;
			files = (
			);
			inputFileListPaths = (
			);
			inputPaths = (
				"${PODS_PODFILE_DIR_PATH}/Podfile.lock",
				"${PODS_ROOT}/Manifest.lock",
			);
			name = "[CP] Check Pods Manifest.lock";
			outputFileListPaths = (
			);
			outputPaths = (
				"$(DERIVED_FILE_DIR)/Pods-ContactsApp-checkManifestLockResult.txt",
			);
			runOnlyForDeploymentPostprocessing = 0;
			shellPath = /bin/sh;
			shellScript = "diff \"${PODS_PODFILE_DIR_PATH}/Podfile.lock\" \"${PODS_ROOT}/Manifest.lock\" > /dev/null\nif [ $? != 0 ] ; then\n    # print error to STDERR\n    echo \"error: The sandbox is not in sync with the Podfile.lock. Run 'pod install' or update your CocoaPods installation.\" >&2\n    exit 1\nfi\n# This output is used by Xcode 'outputs' to avoid re-running this script phase.\necho \"SUCCESS\" > \"${SCRIPT_OUTPUT_FILE_0}\"\n";
			showEnvVarsInLog = 0;
		};
		6B6C6D2D293E4E8F81D8C6C4 /* [CP] Embed Pods Frameworks */ = {
			isa = PBXShellScriptBuildPhase;
			buildActionMask = 2147483647;
			files = (
			);
			inputFileListPaths = (
			);
			inputPaths = (
				"${PODS_ROOT}/Target Support Files/Pods-ContactsAppTests/Pods-ContactsAppTests-frameworks.sh",
				"${BUILT_PRODUCTS_DIR}/Alamofire/Alamofire.framework",
				"${BUILT_PRODUCTS_DIR}/IQKeyboardManagerSwift/IQKeyboardManagerSwift.framework",
				"${BUILT_PRODUCTS_DIR}/SDWebImage/SDWebImage.framework",
			);
			name = "[CP] Embed Pods Frameworks";
			outputFileListPaths = (
			);
			outputPaths = (
				"${TARGET_BUILD_DIR}/${FRAMEWORKS_FOLDER_PATH}/Alamofire.framework",
				"${TARGET_BUILD_DIR}/${FRAMEWORKS_FOLDER_PATH}/IQKeyboardManagerSwift.framework",
				"${TARGET_BUILD_DIR}/${FRAMEWORKS_FOLDER_PATH}/SDWebImage.framework",
			);
			runOnlyForDeploymentPostprocessing = 0;
			shellPath = /bin/sh;
			shellScript = "\"${PODS_ROOT}/Target Support Files/Pods-ContactsAppTests/Pods-ContactsAppTests-frameworks.sh\"\n";
			showEnvVarsInLog = 0;
		};
		83FE9530DF8BCA0915E40684 /* [CP] Check Pods Manifest.lock */ = {
			isa = PBXShellScriptBuildPhase;
			buildActionMask = 2147483647;
			files = (
			);
			inputFileListPaths = (
			);
			inputPaths = (
				"${PODS_PODFILE_DIR_PATH}/Podfile.lock",
				"${PODS_ROOT}/Manifest.lock",
			);
			name = "[CP] Check Pods Manifest.lock";
			outputFileListPaths = (
			);
			outputPaths = (
				"$(DERIVED_FILE_DIR)/Pods-ContactsAppUITests-checkManifestLockResult.txt",
			);
			runOnlyForDeploymentPostprocessing = 0;
			shellPath = /bin/sh;
			shellScript = "diff \"${PODS_PODFILE_DIR_PATH}/Podfile.lock\" \"${PODS_ROOT}/Manifest.lock\" > /dev/null\nif [ $? != 0 ] ; then\n    # print error to STDERR\n    echo \"error: The sandbox is not in sync with the Podfile.lock. Run 'pod install' or update your CocoaPods installation.\" >&2\n    exit 1\nfi\n# This output is used by Xcode 'outputs' to avoid re-running this script phase.\necho \"SUCCESS\" > \"${SCRIPT_OUTPUT_FILE_0}\"\n";
			showEnvVarsInLog = 0;
		};
		CC731DBE90112C5B573C1E57 /* [CP] Embed Pods Frameworks */ = {
			isa = PBXShellScriptBuildPhase;
			buildActionMask = 2147483647;
			files = (
			);
			inputFileListPaths = (
			);
			inputPaths = (
				"${PODS_ROOT}/Target Support Files/Pods-ContactsAppUITests/Pods-ContactsAppUITests-frameworks.sh",
				"${BUILT_PRODUCTS_DIR}/Alamofire/Alamofire.framework",
				"${BUILT_PRODUCTS_DIR}/IQKeyboardManagerSwift/IQKeyboardManagerSwift.framework",
				"${BUILT_PRODUCTS_DIR}/SDWebImage/SDWebImage.framework",
			);
			name = "[CP] Embed Pods Frameworks";
			outputFileListPaths = (
			);
			outputPaths = (
				"${TARGET_BUILD_DIR}/${FRAMEWORKS_FOLDER_PATH}/Alamofire.framework",
				"${TARGET_BUILD_DIR}/${FRAMEWORKS_FOLDER_PATH}/IQKeyboardManagerSwift.framework",
				"${TARGET_BUILD_DIR}/${FRAMEWORKS_FOLDER_PATH}/SDWebImage.framework",
			);
			runOnlyForDeploymentPostprocessing = 0;
			shellPath = /bin/sh;
			shellScript = "\"${PODS_ROOT}/Target Support Files/Pods-ContactsAppUITests/Pods-ContactsAppUITests-frameworks.sh\"\n";
			showEnvVarsInLog = 0;
		};
		E589616E7AE71284C51680EF /* [CP] Embed Pods Frameworks */ = {
			isa = PBXShellScriptBuildPhase;
			buildActionMask = 2147483647;
			files = (
			);
			inputFileListPaths = (
			);
			inputPaths = (
				"${PODS_ROOT}/Target Support Files/Pods-ContactsApp/Pods-ContactsApp-frameworks.sh",
				"${BUILT_PRODUCTS_DIR}/Alamofire/Alamofire.framework",
				"${BUILT_PRODUCTS_DIR}/IQKeyboardManagerSwift/IQKeyboardManagerSwift.framework",
				"${BUILT_PRODUCTS_DIR}/SDWebImage/SDWebImage.framework",
			);
			name = "[CP] Embed Pods Frameworks";
			outputFileListPaths = (
			);
			outputPaths = (
				"${TARGET_BUILD_DIR}/${FRAMEWORKS_FOLDER_PATH}/Alamofire.framework",
				"${TARGET_BUILD_DIR}/${FRAMEWORKS_FOLDER_PATH}/IQKeyboardManagerSwift.framework",
				"${TARGET_BUILD_DIR}/${FRAMEWORKS_FOLDER_PATH}/SDWebImage.framework",
			);
			runOnlyForDeploymentPostprocessing = 0;
			shellPath = /bin/sh;
			shellScript = "\"${PODS_ROOT}/Target Support Files/Pods-ContactsApp/Pods-ContactsApp-frameworks.sh\"\n";
			showEnvVarsInLog = 0;
		};
/* End PBXShellScriptBuildPhase section */

/* Begin PBXSourcesBuildPhase section */
		698DB6CB229C81A6001583BB /* Sources */ = {
			isa = PBXSourcesBuildPhase;
			buildActionMask = 2147483647;
			files = (
				69333CE1229C8DBA00AC334A /* contactCell.swift in Sources */,
				69804C51229CBE9D00242BB5 /* ContactDetailModel.swift in Sources */,
				69333CE3229C967100AC334A /* ContactsModel.swift in Sources */,
				69333CD9229C86F000AC334A /* ContactsList.swift in Sources */,
				695498D3229FA30B00158B7F /* CreateContactModel.swift in Sources */,
				69333CDB229C871E00AC334A /* ContactDetail.swift in Sources */,
				698DB706229C8297001583BB /* Globals.swift in Sources */,
				69333CDD229C874800AC334A /* ContactUpdates.swift in Sources */,
				698DB6DB229C81A6001583BB /* ContactsApp.xcdatamodeld in Sources */,
				698DB6D3229C81A6001583BB /* AppDelegate.swift in Sources */,
				69333CDF229C8C3E00AC334A /* indexCell.swift in Sources */,
				695498D5229FA39900158B7F /* UpdateContactModel.swift in Sources */,
			);
			runOnlyForDeploymentPostprocessing = 0;
		};
		698DB6E2229C81A7001583BB /* Sources */ = {
			isa = PBXSourcesBuildPhase;
			buildActionMask = 2147483647;
			files = (
				698DB6EB229C81A7001583BB /* ContactsAppTests.swift in Sources */,
			);
			runOnlyForDeploymentPostprocessing = 0;
		};
		698DB6ED229C81A7001583BB /* Sources */ = {
			isa = PBXSourcesBuildPhase;
			buildActionMask = 2147483647;
			files = (
				698DB6F6229C81A7001583BB /* ContactsAppUITests.swift in Sources */,
			);
			runOnlyForDeploymentPostprocessing = 0;
		};
/* End PBXSourcesBuildPhase section */

/* Begin PBXTargetDependency section */
		698DB6E8229C81A7001583BB /* PBXTargetDependency */ = {
			isa = PBXTargetDependency;
			target = 698DB6CE229C81A6001583BB /* ContactsApp */;
			targetProxy = 698DB6E7229C81A7001583BB /* PBXContainerItemProxy */;
		};
		698DB6F3229C81A7001583BB /* PBXTargetDependency */ = {
			isa = PBXTargetDependency;
			target = 698DB6CE229C81A6001583BB /* ContactsApp */;
			targetProxy = 698DB6F2229C81A7001583BB /* PBXContainerItemProxy */;
		};
/* End PBXTargetDependency section */

/* Begin PBXVariantGroup section */
		698DB6D6229C81A6001583BB /* Main.storyboard */ = {
			isa = PBXVariantGroup;
			children = (
				698DB6D7229C81A6001583BB /* Base */,
			);
			name = Main.storyboard;
			sourceTree = "<group>";
		};
		698DB6DE229C81A7001583BB /* LaunchScreen.storyboard */ = {
			isa = PBXVariantGroup;
			children = (
				698DB6DF229C81A7001583BB /* Base */,
			);
			name = LaunchScreen.storyboard;
			sourceTree = "<group>";
		};
/* End PBXVariantGroup section */

/* Begin XCBuildConfiguration section */
		698DB6F8229C81A7001583BB /* Debug */ = {
			isa = XCBuildConfiguration;
			buildSettings = {
				ALWAYS_SEARCH_USER_PATHS = NO;
				CLANG_ANALYZER_NONNULL = YES;
				CLANG_ANALYZER_NUMBER_OBJECT_CONVERSION = YES_AGGRESSIVE;
				CLANG_CXX_LANGUAGE_STANDARD = "gnu++14";
				CLANG_CXX_LIBRARY = "libc++";
				CLANG_ENABLE_MODULES = YES;
				CLANG_ENABLE_OBJC_ARC = YES;
				CLANG_ENABLE_OBJC_WEAK = YES;
				CLANG_WARN_BLOCK_CAPTURE_AUTORELEASING = YES;
				CLANG_WARN_BOOL_CONVERSION = YES;
				CLANG_WARN_COMMA = YES;
				CLANG_WARN_CONSTANT_CONVERSION = YES;
				CLANG_WARN_DEPRECATED_OBJC_IMPLEMENTATIONS = YES;
				CLANG_WARN_DIRECT_OBJC_ISA_USAGE = YES_ERROR;
				CLANG_WARN_DOCUMENTATION_COMMENTS = YES;
				CLANG_WARN_EMPTY_BODY = YES;
				CLANG_WARN_ENUM_CONVERSION = YES;
				CLANG_WARN_INFINITE_RECURSION = YES;
				CLANG_WARN_INT_CONVERSION = YES;
				CLANG_WARN_NON_LITERAL_NULL_CONVERSION = YES;
				CLANG_WARN_OBJC_IMPLICIT_RETAIN_SELF = YES;
				CLANG_WARN_OBJC_LITERAL_CONVERSION = YES;
				CLANG_WARN_OBJC_ROOT_CLASS = YES_ERROR;
				CLANG_WARN_RANGE_LOOP_ANALYSIS = YES;
				CLANG_WARN_STRICT_PROTOTYPES = YES;
				CLANG_WARN_SUSPICIOUS_MOVE = YES;
				CLANG_WARN_UNGUARDED_AVAILABILITY = YES_AGGRESSIVE;
				CLANG_WARN_UNREACHABLE_CODE = YES;
				CLANG_WARN__DUPLICATE_METHOD_MATCH = YES;
				CODE_SIGN_IDENTITY = "iPhone Developer";
				COPY_PHASE_STRIP = NO;
				DEBUG_INFORMATION_FORMAT = dwarf;
				ENABLE_STRICT_OBJC_MSGSEND = YES;
				ENABLE_TESTABILITY = YES;
				GCC_C_LANGUAGE_STANDARD = gnu11;
				GCC_DYNAMIC_NO_PIC = NO;
				GCC_NO_COMMON_BLOCKS = YES;
				GCC_OPTIMIZATION_LEVEL = 0;
				GCC_PREPROCESSOR_DEFINITIONS = (
					"DEBUG=1",
					"$(inherited)",
				);
				GCC_WARN_64_TO_32_BIT_CONVERSION = YES;
				GCC_WARN_ABOUT_RETURN_TYPE = YES_ERROR;
				GCC_WARN_UNDECLARED_SELECTOR = YES;
				GCC_WARN_UNINITIALIZED_AUTOS = YES_AGGRESSIVE;
				GCC_WARN_UNUSED_FUNCTION = YES;
				GCC_WARN_UNUSED_VARIABLE = YES;
				IPHONEOS_DEPLOYMENT_TARGET = 11.0;
				MTL_ENABLE_DEBUG_INFO = INCLUDE_SOURCE;
				MTL_FAST_MATH = YES;
				ONLY_ACTIVE_ARCH = YES;
				SDKROOT = iphoneos;
				SWIFT_ACTIVE_COMPILATION_CONDITIONS = DEBUG;
				SWIFT_OPTIMIZATION_LEVEL = "-Onone";
				SWIFT_VERSION = 4.2;
			};
			name = Debug;
		};
		698DB6F9229C81A7001583BB /* Release */ = {
			isa = XCBuildConfiguration;
			buildSettings = {
				ALWAYS_SEARCH_USER_PATHS = NO;
				CLANG_ANALYZER_NONNULL = YES;
				CLANG_ANALYZER_NUMBER_OBJECT_CONVERSION = YES_AGGRESSIVE;
				CLANG_CXX_LANGUAGE_STANDARD = "gnu++14";
				CLANG_CXX_LIBRARY = "libc++";
				CLANG_ENABLE_MODULES = YES;
				CLANG_ENABLE_OBJC_ARC = YES;
				CLANG_ENABLE_OBJC_WEAK = YES;
				CLANG_WARN_BLOCK_CAPTURE_AUTORELEASING = YES;
				CLANG_WARN_BOOL_CONVERSION = YES;
				CLANG_WARN_COMMA = YES;
				CLANG_WARN_CONSTANT_CONVERSION = YES;
				CLANG_WARN_DEPRECATED_OBJC_IMPLEMENTATIONS = YES;
				CLANG_WARN_DIRECT_OBJC_ISA_USAGE = YES_ERROR;
				CLANG_WARN_DOCUMENTATION_COMMENTS = YES;
				CLANG_WARN_EMPTY_BODY = YES;
				CLANG_WARN_ENUM_CONVERSION = YES;
				CLANG_WARN_INFINITE_RECURSION = YES;
				CLANG_WARN_INT_CONVERSION = YES;
				CLANG_WARN_NON_LITERAL_NULL_CONVERSION = YES;
				CLANG_WARN_OBJC_IMPLICIT_RETAIN_SELF = YES;
				CLANG_WARN_OBJC_LITERAL_CONVERSION = YES;
				CLANG_WARN_OBJC_ROOT_CLASS = YES_ERROR;
				CLANG_WARN_RANGE_LOOP_ANALYSIS = YES;
				CLANG_WARN_STRICT_PROTOTYPES = YES;
				CLANG_WARN_SUSPICIOUS_MOVE = YES;
				CLANG_WARN_UNGUARDED_AVAILABILITY = YES_AGGRESSIVE;
				CLANG_WARN_UNREACHABLE_CODE = YES;
				CLANG_WARN__DUPLICATE_METHOD_MATCH = YES;
				CODE_SIGN_IDENTITY = "iPhone Developer";
				COPY_PHASE_STRIP = NO;
				DEBUG_INFORMATION_FORMAT = "dwarf-with-dsym";
				ENABLE_NS_ASSERTIONS = NO;
				ENABLE_STRICT_OBJC_MSGSEND = YES;
				GCC_C_LANGUAGE_STANDARD = gnu11;
				GCC_NO_COMMON_BLOCKS = YES;
				GCC_WARN_64_TO_32_BIT_CONVERSION = YES;
				GCC_WARN_ABOUT_RETURN_TYPE = YES_ERROR;
				GCC_WARN_UNDECLARED_SELECTOR = YES;
				GCC_WARN_UNINITIALIZED_AUTOS = YES_AGGRESSIVE;
				GCC_WARN_UNUSED_FUNCTION = YES;
				GCC_WARN_UNUSED_VARIABLE = YES;
				IPHONEOS_DEPLOYMENT_TARGET = 11.0;
				MTL_ENABLE_DEBUG_INFO = NO;
				MTL_FAST_MATH = YES;
				SDKROOT = iphoneos;
				SWIFT_COMPILATION_MODE = wholemodule;
				SWIFT_OPTIMIZATION_LEVEL = "-O";
				SWIFT_VERSION = 4.2;
				VALIDATE_PRODUCT = YES;
			};
			name = Release;
		};
		698DB6FB229C81A7001583BB /* Debug */ = {
			isa = XCBuildConfiguration;
			baseConfigurationReference = 529B4D227E8AC726FE51BB67 /* Pods-ContactsApp.debug.xcconfig */;
			buildSettings = {
				ASSETCATALOG_COMPILER_APPICON_NAME = AppIcon;
				CODE_SIGN_STYLE = Automatic;
				DEVELOPMENT_TEAM = 958TW87L49;
				INFOPLIST_FILE = "$(SRCROOT)/ContactsApp/Support Files/Info.plist";
				LD_RUNPATH_SEARCH_PATHS = (
					"$(inherited)",
					"@executable_path/Frameworks",
				);
				PRODUCT_BUNDLE_IDENTIFIER = "com.kalsi-apps.ContactsApp";
				PRODUCT_NAME = "$(TARGET_NAME)";
				SWIFT_VERSION = 4.2;
				TARGETED_DEVICE_FAMILY = 1;
			};
			name = Debug;
		};
		698DB6FC229C81A7001583BB /* Release */ = {
			isa = XCBuildConfiguration;
			baseConfigurationReference = BE15979EA2AD8C7A03FEF119 /* Pods-ContactsApp.release.xcconfig */;
			buildSettings = {
				ASSETCATALOG_COMPILER_APPICON_NAME = AppIcon;
				CODE_SIGN_STYLE = Automatic;
				DEVELOPMENT_TEAM = 958TW87L49;
				INFOPLIST_FILE = "$(SRCROOT)/ContactsApp/Support Files/Info.plist";
				LD_RUNPATH_SEARCH_PATHS = (
					"$(inherited)",
					"@executable_path/Frameworks",
				);
				PRODUCT_BUNDLE_IDENTIFIER = "com.kalsi-apps.ContactsApp";
				PRODUCT_NAME = "$(TARGET_NAME)";
				SWIFT_VERSION = 4.2;
				TARGETED_DEVICE_FAMILY = 1;
			};
			name = Release;
		};
		698DB6FE229C81A7001583BB /* Debug */ = {
			isa = XCBuildConfiguration;
			baseConfigurationReference = 55FBB6CD87AE68E34F4B1011 /* Pods-ContactsAppTests.debug.xcconfig */;
			buildSettings = {
				ALWAYS_EMBED_SWIFT_STANDARD_LIBRARIES = YES;
				BUNDLE_LOADER = "$(TEST_HOST)";
				CODE_SIGN_STYLE = Automatic;
				DEVELOPMENT_TEAM = CK57NMFZ9Q;
				INFOPLIST_FILE = ContactsAppTests/Info.plist;
				LD_RUNPATH_SEARCH_PATHS = (
					"$(inherited)",
					"@executable_path/Frameworks",
					"@loader_path/Frameworks",
				);
				PRODUCT_BUNDLE_IDENTIFIER = "com.kalsi-apps.ContactsAppTests";
				PRODUCT_NAME = "$(TARGET_NAME)";
				SWIFT_VERSION = 4.2;
				TARGETED_DEVICE_FAMILY = "1,2";
				TEST_HOST = "$(BUILT_PRODUCTS_DIR)/ContactsApp.app/ContactsApp";
			};
			name = Debug;
		};
		698DB6FF229C81A7001583BB /* Release */ = {
			isa = XCBuildConfiguration;
			baseConfigurationReference = A76E2899C3E4284E1C631F76 /* Pods-ContactsAppTests.release.xcconfig */;
			buildSettings = {
				ALWAYS_EMBED_SWIFT_STANDARD_LIBRARIES = YES;
				BUNDLE_LOADER = "$(TEST_HOST)";
				CODE_SIGN_STYLE = Automatic;
				DEVELOPMENT_TEAM = CK57NMFZ9Q;
				INFOPLIST_FILE = ContactsAppTests/Info.plist;
				LD_RUNPATH_SEARCH_PATHS = (
					"$(inherited)",
					"@executable_path/Frameworks",
					"@loader_path/Frameworks",
				);
				PRODUCT_BUNDLE_IDENTIFIER = "com.kalsi-apps.ContactsAppTests";
				PRODUCT_NAME = "$(TARGET_NAME)";
				SWIFT_VERSION = 4.2;
				TARGETED_DEVICE_FAMILY = "1,2";
				TEST_HOST = "$(BUILT_PRODUCTS_DIR)/ContactsApp.app/ContactsApp";
			};
			name = Release;
		};
		698DB701229C81A7001583BB /* Debug */ = {
			isa = XCBuildConfiguration;
			baseConfigurationReference = D2985C3969CBDF7ED735783C /* Pods-ContactsAppUITests.debug.xcconfig */;
			buildSettings = {
				ALWAYS_EMBED_SWIFT_STANDARD_LIBRARIES = YES;
				CODE_SIGN_STYLE = Automatic;
				DEVELOPMENT_TEAM = CK57NMFZ9Q;
				INFOPLIST_FILE = ContactsAppUITests/Info.plist;
				LD_RUNPATH_SEARCH_PATHS = (
					"$(inherited)",
					"@executable_path/Frameworks",
					"@loader_path/Frameworks",
				);
				PRODUCT_BUNDLE_IDENTIFIER = "com.kalsi-apps.ContactsAppUITests";
				PRODUCT_NAME = "$(TARGET_NAME)";
				SWIFT_VERSION = 4.2;
				TARGETED_DEVICE_FAMILY = "1,2";
				TEST_TARGET_NAME = ContactsApp;
			};
			name = Debug;
		};
		698DB702229C81A7001583BB /* Release */ = {
			isa = XCBuildConfiguration;
			baseConfigurationReference = 685714CEEA45D853CB10AE8B /* Pods-ContactsAppUITests.release.xcconfig */;
			buildSettings = {
				ALWAYS_EMBED_SWIFT_STANDARD_LIBRARIES = YES;
				CODE_SIGN_STYLE = Automatic;
				DEVELOPMENT_TEAM = CK57NMFZ9Q;
				INFOPLIST_FILE = ContactsAppUITests/Info.plist;
				LD_RUNPATH_SEARCH_PATHS = (
					"$(inherited)",
					"@executable_path/Frameworks",
					"@loader_path/Frameworks",
				);
				PRODUCT_BUNDLE_IDENTIFIER = "com.kalsi-apps.ContactsAppUITests";
				PRODUCT_NAME = "$(TARGET_NAME)";
				SWIFT_VERSION = 4.2;
				TARGETED_DEVICE_FAMILY = "1,2";
				TEST_TARGET_NAME = ContactsApp;
			};
			name = Release;
		};
/* End XCBuildConfiguration section */

/* Begin XCConfigurationList section */
		698DB6CA229C81A6001583BB /* Build configuration list for PBXProject "ContactsApp" */ = {
			isa = XCConfigurationList;
			buildConfigurations = (
				698DB6F8229C81A7001583BB /* Debug */,
				698DB6F9229C81A7001583BB /* Release */,
			);
			defaultConfigurationIsVisible = 0;
			defaultConfigurationName = Release;
		};
		698DB6FA229C81A7001583BB /* Build configuration list for PBXNativeTarget "ContactsApp" */ = {
			isa = XCConfigurationList;
			buildConfigurations = (
				698DB6FB229C81A7001583BB /* Debug */,
				698DB6FC229C81A7001583BB /* Release */,
			);
			defaultConfigurationIsVisible = 0;
			defaultConfigurationName = Release;
		};
		698DB6FD229C81A7001583BB /* Build configuration list for PBXNativeTarget "ContactsAppTests" */ = {
			isa = XCConfigurationList;
			buildConfigurations = (
				698DB6FE229C81A7001583BB /* Debug */,
				698DB6FF229C81A7001583BB /* Release */,
			);
			defaultConfigurationIsVisible = 0;
			defaultConfigurationName = Release;
		};
		698DB700229C81A7001583BB /* Build configuration list for PBXNativeTarget "ContactsAppUITests" */ = {
			isa = XCConfigurationList;
			buildConfigurations = (
				698DB701229C81A7001583BB /* Debug */,
				698DB702229C81A7001583BB /* Release */,
			);
			defaultConfigurationIsVisible = 0;
			defaultConfigurationName = Release;
		};
/* End XCConfigurationList section */

/* Begin XCVersionGroup section */
		698DB6D9229C81A6001583BB /* ContactsApp.xcdatamodeld */ = {
			isa = XCVersionGroup;
			children = (
				698DB6DA229C81A6001583BB /* ContactsApp.xcdatamodel */,
			);
			currentVersion = 698DB6DA229C81A6001583BB /* ContactsApp.xcdatamodel */;
			path = ContactsApp.xcdatamodeld;
			sourceTree = "<group>";
			versionGroupType = wrapper.xcdatamodel;
		};
/* End XCVersionGroup section */
	};
	rootObject = 698DB6C7229C81A6001583BB /* Project object */;
}
